Microsoft Visual Studio Solution File, Format Version 12.00
# Visual Studio Version 17
VisualStudioVersion = 17.7.33927.210
MinimumVisualStudioVersion = 10.0.40219.1
Project("{9A19103F-16F7-4668-BE54-9A1E7A4F7556}") = "Ffu2Vhdx", "Ffu2Vhdx\Ffu2Vhdx.csproj", "{6BB88918-A58C-4510-A99F-AA22C7D5BD55}"
EndProject
Project("{9A19103F-16F7-4668-BE54-9A1E7A4F7556}") = "ImageCommon", "ImageCommon\ImageCommon.csproj", "{8CA492CB-6F12-4862-991C-B28468172730}"
EndProject
Project("{9A19103F-16F7-4668-BE54-9A1E7A4F7556}") = "ImageStorageServiceManaged", "ImageStorageServiceManaged\ImageStorageServiceManaged.csproj", "{5C2B4F9B-479D-4301-AEB9-33B83B6F5B16}"
EndProject
Project("{9A19103F-16F7-4668-BE54-9A1E7A4F7556}") = "DiscUtils.Core", "DiscUtils\DiscUtils.Core\DiscUtils.Core.csproj", "{A76FBCBD-08EB-413D-8DD7-8264D4E50304}"
EndProject
Project("{9A19103F-16F7-4668-BE54-9A1E7A4F7556}") = "DiscUtils.Streams", "DiscUtils\DiscUtils.Streams\DiscUtils.Streams.csproj", "{37E19DC2-07BE-4E1E-8878-7A7BA28F5D45}"
EndProject
Project("{9A19103F-16F7-4668-BE54-9A1E7A4F7556}") = "DiscUtils.Vhdx", "DiscUtils\DiscUtils.Vhdx\DiscUtils.Vhdx.csproj", "{77D1F20E-4CD6-4810-9C5C-EF6CA3A9BC53}"
EndProject
Project("{2150E333-8FDC-42A3-9474-1A3956D46DE8}") = "DiscUtils", "DiscUtils", "{A431EF08-BBEF-4228-A12D-88149C3844F6}"
EndProject
Project("{2150E333-8FDC-42A3-9474-1A3956D46DE8}") = "WindowsPhone", "WindowsPhone", "{6B6B2266-D083-4F82-9A0A-4A2D8D8F3F16}"
EndProject
Global
	GlobalSection(SolutionConfigurationPlatforms) = preSolution
		Debug|Any CPU = Debug|Any CPU
		Debug|ARM32 = Debug|ARM32
		Debug|ARM64 = Debug|ARM64
		Debug|x64 = Debug|x64
		Debug|x86 = Debug|x86
		Release|Any CPU = Release|Any CPU
		Release|ARM32 = Release|ARM32
		Release|ARM64 = Release|ARM64
		Release|x64 = Release|x64
		Release|x86 = Release|x86
	EndGlobalSection
	GlobalSection(ProjectConfigurationPlatforms) = postSolution
		{6BB88918-A58C-4510-A99F-AA22C7D5BD55}.Debug|Any CPU.ActiveCfg = Debug|Any CPU
		{6BB88918-A58C-4510-A99F-AA22C7D5BD55}.Debug|Any CPU.Build.0 = Debug|Any CPU
		{6BB88918-A58C-4510-A99F-AA22C7D5BD55}.Debug|ARM32.ActiveCfg = Debug|ARM32
		{6BB88918-A58C-4510-A99F-AA22C7D5BD55}.Debug|ARM32.Build.0 = Debug|ARM32
		{6BB88918-A58C-4510-A99F-AA22C7D5BD55}.Debug|ARM64.ActiveCfg = Debug|ARM64
		{6BB88918-A58C-4510-A99F-AA22C7D5BD55}.Debug|ARM64.Build.0 = Debug|ARM64
		{6BB88918-A58C-4510-A99F-AA22C7D5BD55}.Debug|x64.ActiveCfg = Debug|x64
		{6BB88918-A58C-4510-A99F-AA22C7D5BD55}.Debug|x64.Build.0 = Debug|x64
		{6BB88918-A58C-4510-A99F-AA22C7D5BD55}.Debug|x86.ActiveCfg = Debug|x86
		{6BB88918-A58C-4510-A99F-AA22C7D5BD55}.Debug|x86.Build.0 = Debug|x86
		{6BB88918-A58C-4510-A99F-AA22C7D5BD55}.Release|Any CPU.ActiveCfg = Release|Any CPU
		{6BB88918-A58C-4510-A99F-AA22C7D5BD55}.Release|Any CPU.Build.0 = Release|Any CPU
		{6BB88918-A58C-4510-A99F-AA22C7D5BD55}.Release|ARM32.ActiveCfg = Release|ARM32
		{6BB88918-A58C-4510-A99F-AA22C7D5BD55}.Release|ARM32.Build.0 = Release|ARM32
		{6BB88918-A58C-4510-A99F-AA22C7D5BD55}.Release|ARM64.ActiveCfg = Release|ARM64
		{6BB88918-A58C-4510-A99F-AA22C7D5BD55}.Release|ARM64.Build.0 = Release|ARM64
		{6BB88918-A58C-4510-A99F-AA22C7D5BD55}.Release|x64.ActiveCfg = Release|x64
		{6BB88918-A58C-4510-A99F-AA22C7D5BD55}.Release|x64.Build.0 = Release|x64
		{6BB88918-A58C-4510-A99F-AA22C7D5BD55}.Release|x86.ActiveCfg = Release|x86
		{6BB88918-A58C-4510-A99F-AA22C7D5BD55}.Release|x86.Build.0 = Release|x86
		{8CA492CB-6F12-4862-991C-B28468172730}.Debug|Any CPU.ActiveCfg = Debug|Any CPU
		{8CA492CB-6F12-4862-991C-B28468172730}.Debug|Any CPU.Build.0 = Debug|Any CPU
		{8CA492CB-6F12-4862-991C-B28468172730}.Debug|ARM32.ActiveCfg = Debug|ARM32
		{8CA492CB-6F12-4862-991C-B28468172730}.Debug|ARM32.Build.0 = Debug|ARM32
		{8CA492CB-6F12-4862-991C-B28468172730}.Debug|ARM64.ActiveCfg = Debug|ARM64
		{8CA492CB-6F12-4862-991C-B28468172730}.Debug|ARM64.Build.0 = Debug|ARM64
		{8CA492CB-6F12-4862-991C-B28468172730}.Debug|x64.ActiveCfg = Debug|x64
		{8CA492CB-6F12-4862-991C-B28468172730}.Debug|x64.Build.0 = Debug|x64
		{8CA492CB-6F12-4862-991C-B28468172730}.Debug|x86.ActiveCfg = Debug|x86
		{8CA492CB-6F12-4862-991C-B28468172730}.Debug|x86.Build.0 = Debug|x86
		{8CA492CB-6F12-4862-991C-B28468172730}.Release|Any CPU.ActiveCfg = Release|Any CPU
		{8CA492CB-6F12-4862-991C-B28468172730}.Release|Any CPU.Build.0 = Release|Any CPU
		{8CA492CB-6F12-4862-991C-B28468172730}.Release|ARM32.ActiveCfg = Release|ARM32
		{8CA492CB-6F12-4862-991C-B28468172730}.Release|ARM32.Build.0 = Release|ARM32
		{8CA492CB-6F12-4862-991C-B28468172730}.Release|ARM64.ActiveCfg = Release|ARM64
		{8CA492CB-6F12-4862-991C-B28468172730}.Release|ARM64.Build.0 = Release|ARM64
		{8CA492CB-6F12-4862-991C-B28468172730}.Release|x64.ActiveCfg = Release|x64
		{8CA492CB-6F12-4862-991C-B28468172730}.Release|x64.Build.0 = Release|x64
		{8CA492CB-6F12-4862-991C-B28468172730}.Release|x86.ActiveCfg = Release|x86
		{8CA492CB-6F12-4862-991C-B28468172730}.Release|x86.Build.0 = Release|x86
		{5C2B4F9B-479D-4301-AEB9-33B83B6F5B16}.Debug|Any CPU.ActiveCfg = Debug|Any CPU
		{5C2B4F9B-479D-4301-AEB9-33B83B6F5B16}.Debug|Any CPU.Build.0 = Debug|Any CPU
		{5C2B4F9B-479D-4301-AEB9-33B83B6F5B16}.Debug|ARM32.ActiveCfg = Debug|ARM32
		{5C2B4F9B-479D-4301-AEB9-33B83B6F5B16}.Debug|ARM32.Build.0 = Debug|ARM32
		{5C2B4F9B-479D-4301-AEB9-33B83B6F5B16}.Debug|ARM64.ActiveCfg = Debug|ARM64
		{5C2B4F9B-479D-4301-AEB9-33B83B6F5B16}.Debug|ARM64.Build.0 = Debug|ARM64
		{5C2B4F9B-479D-4301-AEB9-33B83B6F5B16}.Debug|x64.ActiveCfg = Debug|x64
		{5C2B4F9B-479D-4301-AEB9-33B83B6F5B16}.Debug|x64.Build.0 = Debug|x64
		{5C2B4F9B-479D-4301-AEB9-33B83B6F5B16}.Debug|x86.ActiveCfg = Debug|x86
		{5C2B4F9B-479D-4301-AEB9-33B83B6F5B16}.Debug|x86.Build.0 = Debug|x86
		{5C2B4F9B-479D-4301-AEB9-33B83B6F5B16}.Release|Any CPU.ActiveCfg = Release|Any CPU
		{5C2B4F9B-479D-4301-AEB9-33B83B6F5B16}.Release|Any CPU.Build.0 = Release|Any CPU
		{5C2B4F9B-479D-4301-AEB9-33B83B6F5B16}.Release|ARM32.ActiveCfg = Release|ARM32
		{5C2B4F9B-479D-4301-AEB9-33B83B6F5B16}.Release|ARM32.Build.0 = Release|ARM32
		{5C2B4F9B-479D-4301-AEB9-33B83B6F5B16}.Release|ARM64.ActiveCfg = Release|ARM64
		{5C2B4F9B-479D-4301-AEB9-33B83B6F5B16}.Release|ARM64.Build.0 = Release|ARM64
		{5C2B4F9B-479D-4301-AEB9-33B83B6F5B16}.Release|x64.ActiveCfg = Release|x64
		{5C2B4F9B-479D-4301-AEB9-33B83B6F5B16}.Release|x64.Build.0 = Release|x64
		{5C2B4F9B-479D-4301-AEB9-33B83B6F5B16}.Release|x86.ActiveCfg = Release|x86
		{5C2B4F9B-479D-4301-AEB9-33B83B6F5B16}.Release|x86.Build.0 = Release|x86
		{A76FBCBD-08EB-413D-8DD7-8264D4E50304}.Debug|Any CPU.ActiveCfg = Debug|Any CPU
		{A76FBCBD-08EB-413D-8DD7-8264D4E50304}.Debug|Any CPU.Build.0 = Debug|Any CPU
		{A76FBCBD-08EB-413D-8DD7-8264D4E50304}.Debug|ARM32.ActiveCfg = Debug|ARM32
		{A76FBCBD-08EB-413D-8DD7-8264D4E50304}.Debug|ARM32.Build.0 = Debug|ARM32
		{A76FBCBD-08EB-413D-8DD7-8264D4E50304}.Debug|ARM64.ActiveCfg = Debug|ARM64
		{A76FBCBD-08EB-413D-8DD7-8264D4E50304}.Debug|ARM64.Build.0 = Debug|ARM64
		{A76FBCBD-08EB-413D-8DD7-8264D4E50304}.Debug|x64.ActiveCfg = Debug|x64
		{A76FBCBD-08EB-413D-8DD7-8264D4E50304}.Debug|x64.Build.0 = Debug|x64
		{A76FBCBD-08EB-413D-8DD7-8264D4E50304}.Debug|x86.ActiveCfg = Debug|x86
		{A76FBCBD-08EB-413D-8DD7-8264D4E50304}.Debug|x86.Build.0 = Debug|x86
		{A76FBCBD-08EB-413D-8DD7-8264D4E50304}.Release|Any CPU.ActiveCfg = Release|Any CPU
		{A76FBCBD-08EB-413D-8DD7-8264D4E50304}.Release|Any CPU.Build.0 = Release|Any CPU
		{A76FBCBD-08EB-413D-8DD7-8264D4E50304}.Release|ARM32.ActiveCfg = Release|ARM32
		{A76FBCBD-08EB-413D-8DD7-8264D4E50304}.Release|ARM32.Build.0 = Release|ARM32
		{A76FBCBD-08EB-413D-8DD7-8264D4E50304}.Release|ARM64.ActiveCfg = Release|ARM64
		{A76FBCBD-08EB-413D-8DD7-8264D4E50304}.Release|ARM64.Build.0 = Release|ARM64
		{A76FBCBD-08EB-413D-8DD7-8264D4E50304}.Release|x64.ActiveCfg = Release|x64
		{A76FBCBD-08EB-413D-8DD7-8264D4E50304}.Release|x64.Build.0 = Release|x64
		{A76FBCBD-08EB-413D-8DD7-8264D4E50304}.Release|x86.ActiveCfg = Release|x86
		{A76FBCBD-08EB-413D-8DD7-8264D4E50304}.Release|x86.Build.0 = Release|x86
		{37E19DC2-07BE-4E1E-8878-7A7BA28F5D45}.Debug|Any CPU.ActiveCfg = Debug|Any CPU
		{37E19DC2-07BE-4E1E-8878-7A7BA28F5D45}.Debug|Any CPU.Build.0 = Debug|Any CPU
		{37E19DC2-07BE-4E1E-8878-7A7BA28F5D45}.Debug|ARM32.ActiveCfg = Debug|ARM32
		{37E19DC2-07BE-4E1E-8878-7A7BA28F5D45}.Debug|ARM32.Build.0 = Debug|ARM32
		{37E19DC2-07BE-4E1E-8878-7A7BA28F5D45}.Debug|ARM64.ActiveCfg = Debug|ARM64
		{37E19DC2-07BE-4E1E-8878-7A7BA28F5D45}.Debug|ARM64.Build.0 = Debug|ARM64
		{37E19DC2-07BE-4E1E-8878-7A7BA28F5D45}.Debug|x64.ActiveCfg = Debug|x64
		{37E19DC2-07BE-4E1E-8878-7A7BA28F5D45}.Debug|x64.Build.0 = Debug|x64
		{37E19DC2-07BE-4E1E-8878-7A7BA28F5D45}.Debug|x86.ActiveCfg = Debug|x86
		{37E19DC2-07BE-4E1E-8878-7A7BA28F5D45}.Debug|x86.Build.0 = Debug|x86
		{37E19DC2-07BE-4E1E-8878-7A7BA28F5D45}.Release|Any CPU.ActiveCfg = Release|Any CPU
		{37E19DC2-07BE-4E1E-8878-7A7BA28F5D45}.Release|Any CPU.Build.0 = Release|Any CPU
		{37E19DC2-07BE-4E1E-8878-7A7BA28F5D45}.Release|ARM32.ActiveCfg = Release|ARM32
		{37E19DC2-07BE-4E1E-8878-7A7BA28F5D45}.Release|ARM32.Build.0 = Release|ARM32
		{37E19DC2-07BE-4E1E-8878-7A7BA28F5D45}.Release|ARM64.ActiveCfg = Release|ARM64
		{37E19DC2-07BE-4E1E-8878-7A7BA28F5D45}.Release|ARM64.Build.0 = Release|ARM64
		{37E19DC2-07BE-4E1E-8878-7A7BA28F5D45}.Release|x64.ActiveCfg = Release|x64
		{37E19DC2-07BE-4E1E-8878-7A7BA28F5D45}.Release|x64.Build.0 = Release|x64
		{37E19DC2-07BE-4E1E-8878-7A7BA28F5D45}.Release|x86.ActiveCfg = Release|x86
		{37E19DC2-07BE-4E1E-8878-7A7BA28F5D45}.Release|x86.Build.0 = Release|x86
		{77D1F20E-4CD6-4810-9C5C-EF6CA3A9BC53}.Debug|Any CPU.ActiveCfg = Debug|Any CPU
		{77D1F20E-4CD6-4810-9C5C-EF6CA3A9BC53}.Debug|Any CPU.Build.0 = Debug|Any CPU
		{77D1F20E-4CD6-4810-9C5C-EF6CA3A9BC53}.Debug|ARM32.ActiveCfg = Debug|ARM32
		{77D1F20E-4CD6-4810-9C5C-EF6CA3A9BC53}.Debug|ARM32.Build.0 = Debug|ARM32
		{77D1F20E-4CD6-4810-9C5C-EF6CA3A9BC53}.Debug|ARM64.ActiveCfg = Debug|ARM64
		{77D1F20E-4CD6-4810-9C5C-EF6CA3A9BC53}.Debug|ARM64.Build.0 = Debug|ARM64
		{77D1F20E-4CD6-4810-9C5C-EF6CA3A9BC53}.Debug|x64.ActiveCfg = Debug|x64
		{77D1F20E-4CD6-4810-9C5C-EF6CA3A9BC53}.Debug|x64.Build.0 = Debug|x64
		{77D1F20E-4CD6-4810-9C5C-EF6CA3A9BC53}.Debug|x86.ActiveCfg = Debug|x86
		{77D1F20E-4CD6-4810-9C5C-EF6CA3A9BC53}.Debug|x86.Build.0 = Debug|x86
		{77D1F20E-4CD6-4810-9C5C-EF6CA3A9BC53}.Release|Any CPU.ActiveCfg = Release|Any CPU
		{77D1F20E-4CD6-4810-9C5C-EF6CA3A9BC53}.Release|Any CPU.Build.0 = Release|Any CPU
		{77D1F20E-4CD6-4810-9C5C-EF6CA3A9BC53}.Release|ARM32.ActiveCfg = Release|ARM32
		{77D1F20E-4CD6-4810-9C5C-EF6CA3A9BC53}.Release|ARM32.Build.0 = Release|ARM32
		{77D1F20E-4CD6-4810-9C5C-EF6CA3A9BC53}.Release|ARM64.ActiveCfg = Release|ARM64
		{77D1F20E-4CD6-4810-9C5C-EF6CA3A9BC53}.Release|ARM64.Build.0 = Release|ARM64
		{77D1F20E-4CD6-4810-9C5C-EF6CA3A9BC53}.Release|x64.ActiveCfg = Release|x64
		{77D1F20E-4CD6-4810-9C5C-EF6CA3A9BC53}.Release|x64.Build.0 = Release|x64
		{77D1F20E-4CD6-4810-9C5C-EF6CA3A9BC53}.Release|x86.ActiveCfg = Release|x86
		{77D1F20E-4CD6-4810-9C5C-EF6CA3A9BC53}.Release|x86.Build.0 = Release|x86
	EndGlobalSection
	GlobalSection(SolutionProperties) = preSolution
		HideSolutionNode = FALSE
	EndGlobalSection
	GlobalSection(NestedProjects) = preSolution
		{8CA492CB-6F12-4862-991C-B28468172730} = {6B6B2266-D083-4F82-9A0A-4A2D8D8F3F16}
		{5C2B4F9B-479D-4301-AEB9-33B83B6F5B16} = {6B6B2266-D083-4F82-9A0A-4A2D8D8F3F16}
		{A76FBCBD-08EB-413D-8DD7-8264D4E50304} = {A431EF08-BBEF-4228-A12D-88149C3844F6}
		{37E19DC2-07BE-4E1E-8878-7A7BA28F5D45} = {A431EF08-BBEF-4228-A12D-88149C3844F6}
		{77D1F20E-4CD6-4810-9C5C-EF6CA3A9BC53} = {A431EF08-BBEF-4228-A12D-88149C3844F6}
	EndGlobalSection
	GlobalSection(ExtensibilityGlobals) = postSolution
		SolutionGuid = {A6835376-D522-436A-AF71-9EF21C8B1DC2}
	EndGlobalSection
EndGlobal
